<?xml version="1.0" encoding="UTF-8"?>
<Scheme
   LastUpgradeVersion = "1010"
   version = "1.3">
   <BuildAction
      parallelizeBuildables = "YES"
      buildImplicitDependencies = "YES">
      <BuildActionEntries>
         <BuildActionEntry
            buildForTesting = "YES"
            buildForRunning = "YES"
            buildForProfiling = "YES"
            buildForArchiving = "YES"
            buildForAnalyzing = "YES">
            <BuildableReference
               BuildableIdentifier = "primary"
               BlueprintIdentifier = "396487691FC325C400006341"
               BuildableName = "dinst_cli"
               BlueprintName = "CLI"
               ReferencedContainer = "container:CLI.xcodeproj">
            </BuildableReference>
         </BuildActionEntry>
      </BuildActionEntries>
   </BuildAction>
   <TestAction
      buildConfiguration = "Debug"
      selectedDebuggerIdentifier = "Xcode.DebuggerFoundation.Debugger.LLDB"
      selectedLauncherIdentifier = "Xcode.DebuggerFoundation.Launcher.LLDB"
      shouldUseLaunchSchemeArgsEnv = "YES">
      <Testables>
      </Testables>
      <MacroExpansion>
         <BuildableReference
            BuildableIdentifier = "primary"
            BlueprintIdentifier = "396487691FC325C400006341"
            BuildableName = "dinst_cli"
            BlueprintName = "CLI"
            ReferencedContainer = "container:CLI.xcodeproj">
         </BuildableReference>
      </MacroExpansion>
      <AdditionalOptions>
      </AdditionalOptions>
   </TestAction>
   <LaunchAction
      buildConfiguration = "Debug"
      selectedDebuggerIdentifier = "Xcode.DebuggerFoundation.Debugger.LLDB"
      selectedLauncherIdentifier = "Xcode.DebuggerFoundation.Launcher.LLDB"
      launchStyle = "0"
      useCustomWorkingDirectory = "NO"
      ignoresPersistentStateOnLaunch = "NO"
      debugDocumentVersioning = "YES"
      debugServiceExtension = "internal"
      allowLocationSimulation = "YES">
      <BuildableProductRunnable
         runnableDebuggingMode = "0">
         <BuildableReference
            BuildableIdentifier = "primary"
            BlueprintIdentifier = "396487691FC325C400006341"
            BuildableName = "dinst_cli"
            BlueprintName = "CLI"
            ReferencedContainer = "container:CLI.xcodeproj">
         </BuildableReference>
      </BuildableProductRunnable>
      <CommandLineArguments>
         <CommandLineArgument
            argument = "--document &quot;/Users/lnatan/Desktop/Code/DetoxInstruments/Documentation/Example Recording/example.dtxprof&quot;"
            isEnabled = "NO">
         </CommandLineArgument>
         <CommandLineArgument
            argument = "--document &quot;/Users/lnatan/Downloads/WixOneAppDev Dec 20, 2018 at 4_05_43 PM.5.dtxprof&quot;"
            isEnabled = "NO">
         </CommandLineArgument>
         <CommandLineArgument
            argument = "--force"
            isEnabled = "NO">
         </CommandLineArgument>
         <CommandLineArgument
            argument = "--printEntities"
            isEnabled = "NO">
         </CommandLineArgument>
         <CommandLineArgument
            argument = "--entity &quot;PerformanceSample&quot;"
            isEnabled = "NO">
         </CommandLineArgument>
         <CommandLineArgument
            argument = "--entity &quot;Recording&quot;"
            isEnabled = "NO">
         </CommandLineArgument>
         <CommandLineArgument
            argument = "--entity &quot;ThreadInfo&quot;"
            isEnabled = "NO">
         </CommandLineArgument>
         <CommandLineArgument
            argument = "--printKeys"
            isEnabled = "NO">
         </CommandLineArgument>
         <CommandLineArgument
            argument = "--printKeyFunctions"
            isEnabled = "NO">
         </CommandLineArgument>
         <CommandLineArgument
            argument = "--keys &quot;appName,deviceName,deviceOS, startTimestamp, endTimestamp&quot;"
            isEnabled = "NO">
         </CommandLineArgument>
         <CommandLineArgument
            argument = "--keys &quot;timestamp, cpuUsage, max(cpuUsage), fps, min(memoryUsage), memoryUsage,max(memoryUsage)&quot;"
            isEnabled = "NO">
         </CommandLineArgument>
         <CommandLineArgument
            argument = "--predicate &quot;cpuUsage &gt; 3.0&quot;"
            isEnabled = "NO">
         </CommandLineArgument>
         <CommandLineArgument
            argument = "--predicate &quot;(timestamp &gt;= 15 &amp;&amp; 30 &gt;= timestamp)&quot;"
            isEnabled = "NO">
         </CommandLineArgument>
         <CommandLineArgument
            argument = "--fetch"
            isEnabled = "NO">
         </CommandLineArgument>
         <CommandLineArgument
            argument = "--limit 1"
            isEnabled = "NO">
         </CommandLineArgument>
         <CommandLineArgument
            argument = "--json"
            isEnabled = "NO">
         </CommandLineArgument>
         <CommandLineArgument
            argument = "--dateFormat datetime"
            isEnabled = "NO">
         </CommandLineArgument>
         <CommandLineArgument
            argument = "--plist"
            isEnabled = "NO">
         </CommandLineArgument>
         <CommandLineArgument
            argument = "--version"
            isEnabled = "NO">
         </CommandLineArgument>
         <CommandLineArgument
            argument = "--help"
            isEnabled = "YES">
         </CommandLineArgument>
         <CommandLineArgument
            argument = "--help2"
            isEnabled = "NO">
         </CommandLineArgument>
         <CommandLineArgument
            argument = "--inMemory NO"
            isEnabled = "NO">
         </CommandLineArgument>
      </CommandLineArguments>
      <AdditionalOptions>
      </AdditionalOptions>
   </LaunchAction>
   <ProfileAction
      buildConfiguration = "Release"
      shouldUseLaunchSchemeArgsEnv = "YES"
      savedToolIdentifier = ""
      useCustomWorkingDirectory = "NO"
      debugDocumentVersioning = "YES">
      <BuildableProductRunnable
         runnableDebuggingMode = "0">
         <BuildableReference
            BuildableIdentifier = "primary"
            BlueprintIdentifier = "396487691FC325C400006341"
            BuildableName = "dinst_cli"
            BlueprintName = "CLI"
            ReferencedContainer = "container:CLI.xcodeproj">
         </BuildableReference>
      </BuildableProductRunnable>
   </ProfileAction>
   <AnalyzeAction
      buildConfiguration = "Debug">
   </AnalyzeAction>
   <ArchiveAction
      buildConfiguration = "Release"
      revealArchiveInOrganizer = "YES">
   </ArchiveAction>
</Scheme>
