// !$*UTF8*$!
{
	archiveVersion = 1;
	classes = {
	};
	objectVersion = 48;
	objects = {

/* Begin PBXBuildFile section */
		3906B08E223506D500E81B9A /* DTXInstruments.xcdatamodeld in Sources */ = {isa = PBXBuildFile; fileRef = 3906B084223506D500E81B9A /* DTXInstruments.xcdatamodeld */; };
		3906B090223506E500E81B9A /* DTXMappingModel9808To9954.xcmappingmodel in Sources */ = {isa = PBXBuildFile; fileRef = 3906B08F223506E500E81B9A /* DTXMappingModel9808To9954.xcmappingmodel */; };
		3911766E21EE4BFD00C92A9F /* DTXMappingModel7742To8246.xcmappingmodel in Sources */ = {isa = PBXBuildFile; fileRef = 3911766921EE4BFC00C92A9F /* DTXMappingModel7742To8246.xcmappingmodel */; };
		3911766F21EE4BFD00C92A9F /* DTXMappingModel9554To9620.xcmappingmodel in Sources */ = {isa = PBXBuildFile; fileRef = 3911766A21EE4BFC00C92A9F /* DTXMappingModel9554To9620.xcmappingmodel */; };
		3911767021EE4BFD00C92A9F /* DTXMappingModelOldTo7742.xcmappingmodel in Sources */ = {isa = PBXBuildFile; fileRef = 3911766B21EE4BFC00C92A9F /* DTXMappingModelOldTo7742.xcmappingmodel */; };
		3911767121EE4BFD00C92A9F /* DTXMappingModel8751To9554.xcmappingmodel in Sources */ = {isa = PBXBuildFile; fileRef = 3911766C21EE4BFC00C92A9F /* DTXMappingModel8751To9554.xcmappingmodel */; };
		3911767221EE4BFD00C92A9F /* DTXMappingModel8246To8751.xcmappingmodel in Sources */ = {isa = PBXBuildFile; fileRef = 3911766D21EE4BFC00C92A9F /* DTXMappingModel8246To8751.xcmappingmodel */; };
		3911767821EE6B0800C92A9F /* NSExpression+SafeProperties.m in Sources */ = {isa = PBXBuildFile; fileRef = 3911767721EE6B0800C92A9F /* NSExpression+SafeProperties.m */; };
		3911770821EF81FB00C92A9F /* NSObject+AttachedObjects.m in Sources */ = {isa = PBXBuildFile; fileRef = 391176F921EF81FB00C92A9F /* NSObject+AttachedObjects.m */; };
		3911770921EF81FB00C92A9F /* NSManagedObjectContext+PerformQOSBlock.m in Sources */ = {isa = PBXBuildFile; fileRef = 391176FA21EF81FB00C92A9F /* NSManagedObjectContext+PerformQOSBlock.m */; };
		3911770B21EF81FB00C92A9F /* NSURL+UIAdditions.m in Sources */ = {isa = PBXBuildFile; fileRef = 3911770321EF81FB00C92A9F /* NSURL+UIAdditions.m */; };
		3911770C21EF81FB00C92A9F /* NSString+FileNames.m in Sources */ = {isa = PBXBuildFile; fileRef = 3911770521EF81FB00C92A9F /* NSString+FileNames.m */; };
		3911770D21EF81FB00C92A9F /* NSMapTable+Subscripting.m in Sources */ = {isa = PBXBuildFile; fileRef = 3911770621EF81FB00C92A9F /* NSMapTable+Subscripting.m */; };
		3911770E21EF81FB00C92A9F /* NSDictionary+FakeDecoder.m in Sources */ = {isa = PBXBuildFile; fileRef = 3911770721EF81FB00C92A9F /* NSDictionary+FakeDecoder.m */; };
		3935104E1FCB9BE2001FB466 /* LNLog.m in Sources */ = {isa = PBXBuildFile; fileRef = 3935104B1FCB9BE2001FB466 /* LNLog.m */; };
		3935104F1FCB9BE2001FB466 /* LNOptionsParser.m in Sources */ = {isa = PBXBuildFile; fileRef = 3935104C1FCB9BE2001FB466 /* LNOptionsParser.m */; };
		3935105A1FCB9BF9001FB466 /* GBOptionsHelper.m in Sources */ = {isa = PBXBuildFile; fileRef = 393510521FCB9BF8001FB466 /* GBOptionsHelper.m */; };
		3935105B1FCB9BF9001FB466 /* GBCommandLineParser.m in Sources */ = {isa = PBXBuildFile; fileRef = 393510531FCB9BF8001FB466 /* GBCommandLineParser.m */; };
		3935105C1FCB9BF9001FB466 /* GBPrint.m in Sources */ = {isa = PBXBuildFile; fileRef = 393510551FCB9BF8001FB466 /* GBPrint.m */; };
		3935105D1FCB9BF9001FB466 /* GBSettings.m in Sources */ = {isa = PBXBuildFile; fileRef = 393510591FCB9BF9001FB466 /* GBSettings.m */; };
		39356AA52201A13C00FD23C4 /* DTXMappingModel9620To9747.xcmappingmodel in Sources */ = {isa = PBXBuildFile; fileRef = 39356AA42201A13C00FD23C4 /* DTXMappingModel9620To9747.xcmappingmodel */; };
		39356AA82201A14B00FD23C4 /* DTXSignpostSample9620To9747MigrationPolicy.m in Sources */ = {isa = PBXBuildFile; fileRef = 39356AA72201A14A00FD23C4 /* DTXSignpostSample9620To9747MigrationPolicy.m */; };
		39356ACA2201A92200FD23C4 /* NSString+Hashing.m in Sources */ = {isa = PBXBuildFile; fileRef = 39356AC82201A92200FD23C4 /* NSString+Hashing.m */; };
		39401CF621E5025100504FD8 /* DTXInstrumentsApplicationProxy.m in Sources */ = {isa = PBXBuildFile; fileRef = 39401CF521E5025100504FD8 /* DTXInstrumentsApplicationProxy.m */; };
		39401D0321E5098100504FD8 /* DTXSample+Additions.m in Sources */ = {isa = PBXBuildFile; fileRef = 39401CFC21E5098100504FD8 /* DTXSample+Additions.m */; };
		39401D0421E5098100504FD8 /* DTXRecording+Additions.m in Sources */ = {isa = PBXBuildFile; fileRef = 39401CFD21E5098100504FD8 /* DTXRecording+Additions.m */; };
		39401D0621E5098100504FD8 /* NSManagedObject+Additions.m in Sources */ = {isa = PBXBuildFile; fileRef = 39401D0021E5098100504FD8 /* NSManagedObject+Additions.m */; };
		39401D1921E5099500504FD8 /* DTXNetworkSample+UIExtensions.m in Sources */ = {isa = PBXBuildFile; fileRef = 39401D0821E5099500504FD8 /* DTXNetworkSample+UIExtensions.m */; };
		39401D1A21E5099500504FD8 /* DTXRecording+UIExtensions.m in Sources */ = {isa = PBXBuildFile; fileRef = 39401D0921E5099500504FD8 /* DTXRecording+UIExtensions.m */; };
		39401D1B21E5099500504FD8 /* DTXThreadInfo+UIExtensions.m in Sources */ = {isa = PBXBuildFile; fileRef = 39401D0D21E5099500504FD8 /* DTXThreadInfo+UIExtensions.m */; };
		39401D1C21E5099500504FD8 /* DTXSample+UIExtensions.m in Sources */ = {isa = PBXBuildFile; fileRef = 39401D0F21E5099500504FD8 /* DTXSample+UIExtensions.m */; };
		39401D1D21E5099500504FD8 /* DTXPerformanceSample+UIExtensions.m in Sources */ = {isa = PBXBuildFile; fileRef = 39401D1021E5099500504FD8 /* DTXPerformanceSample+UIExtensions.m */; };
		39401D1F21E5099500504FD8 /* DTXSignpostSample+UIExtensions.m in Sources */ = {isa = PBXBuildFile; fileRef = 39401D1221E5099500504FD8 /* DTXSignpostSample+UIExtensions.m */; };
		3964876E1FC325C400006341 /* main.m in Sources */ = {isa = PBXBuildFile; fileRef = 3964876D1FC325C400006341 /* main.m */; };
		396487991FC32E2800006341 /* DTXProfilingConfiguration.m in Sources */ = {isa = PBXBuildFile; fileRef = 396487981FC32E2800006341 /* DTXProfilingConfiguration.m */; };
		3964879F1FC32E8600006341 /* AutoCoding.m in Sources */ = {isa = PBXBuildFile; fileRef = 3964879E1FC32E8600006341 /* AutoCoding.m */; };
		398828532137DBBB006F283B /* DTXRecordingDocument.m in Sources */ = {isa = PBXBuildFile; fileRef = 3988284D2137DBBB006F283B /* DTXRecordingDocument.m */; };
		398828542137DBBB006F283B /* DTXRecordingDocumentController.m in Sources */ = {isa = PBXBuildFile; fileRef = 3988284F2137DBBB006F283B /* DTXRecordingDocumentController.m */; };
		398828552137DBBB006F283B /* DTXDocument.m in Sources */ = {isa = PBXBuildFile; fileRef = 398828512137DBBB006F283B /* DTXDocument.m */; };
		39DF8AB42209C5B000595274 /* DTXMappingModel9747To9808.xcmappingmodel in Sources */ = {isa = PBXBuildFile; fileRef = 39DF8AB32209C5AF00595274 /* DTXMappingModel9747To9808.xcmappingmodel */; };
/* End PBXBuildFile section */

/* Begin PBXCopyFilesBuildPhase section */
		396487681FC325C400006341 /* CopyFiles */ = {
			isa = PBXCopyFilesBuildPhase;
			buildActionMask = 2147483647;
			dstPath = /usr/share/man/man1/;
			dstSubfolderSpec = 0;
			files = (
			);
			runOnlyForDeploymentPostprocessing = 1;
		};
/* End PBXCopyFilesBuildPhase section */

/* Begin PBXFileReference section */
		3906B085223506D500E81B9A /* DTXInstruments-9554.xcdatamodel */ = {isa = PBXFileReference; lastKnownFileType = wrapper.xcdatamodel; path = "DTXInstruments-9554.xcdatamodel"; sourceTree = "<group>"; };
		3906B086223506D500E81B9A /* DTXInstruments-8751.xcdatamodel */ = {isa = PBXFileReference; lastKnownFileType = wrapper.xcdatamodel; path = "DTXInstruments-8751.xcdatamodel"; sourceTree = "<group>"; };
		3906B087223506D500E81B9A /* DTXInstruments.xcdatamodel */ = {isa = PBXFileReference; lastKnownFileType = wrapper.xcdatamodel; path = DTXInstruments.xcdatamodel; sourceTree = "<group>"; };
		3906B088223506D500E81B9A /* DTXInstruments-8246.xcdatamodel */ = {isa = PBXFileReference; lastKnownFileType = wrapper.xcdatamodel; path = "DTXInstruments-8246.xcdatamodel"; sourceTree = "<group>"; };
		3906B089223506D500E81B9A /* DTXInstruments-7742.xcdatamodel */ = {isa = PBXFileReference; lastKnownFileType = wrapper.xcdatamodel; path = "DTXInstruments-7742.xcdatamodel"; sourceTree = "<group>"; };
		3906B08A223506D500E81B9A /* DTXInstruments-9808.xcdatamodel */ = {isa = PBXFileReference; lastKnownFileType = wrapper.xcdatamodel; path = "DTXInstruments-9808.xcdatamodel"; sourceTree = "<group>"; };
		3906B08B223506D500E81B9A /* DTXInstruments-9747.xcdatamodel */ = {isa = PBXFileReference; lastKnownFileType = wrapper.xcdatamodel; path = "DTXInstruments-9747.xcdatamodel"; sourceTree = "<group>"; };
		3906B08C223506D500E81B9A /* DTXInstruments-9620.xcdatamodel */ = {isa = PBXFileReference; lastKnownFileType = wrapper.xcdatamodel; path = "DTXInstruments-9620.xcdatamodel"; sourceTree = "<group>"; };
		3906B08D223506D500E81B9A /* DTXInstruments-9954.xcdatamodel */ = {isa = PBXFileReference; lastKnownFileType = wrapper.xcdatamodel; path = "DTXInstruments-9954.xcdatamodel"; sourceTree = "<group>"; };
		3906B08F223506E500E81B9A /* DTXMappingModel9808To9954.xcmappingmodel */ = {isa = PBXFileReference; lastKnownFileType = wrapper.xcmappingmodel; path = DTXMappingModel9808To9954.xcmappingmodel; sourceTree = "<group>"; };
		3911766921EE4BFC00C92A9F /* DTXMappingModel7742To8246.xcmappingmodel */ = {isa = PBXFileReference; lastKnownFileType = wrapper.xcmappingmodel; path = DTXMappingModel7742To8246.xcmappingmodel; sourceTree = "<group>"; };
		3911766A21EE4BFC00C92A9F /* DTXMappingModel9554To9620.xcmappingmodel */ = {isa = PBXFileReference; lastKnownFileType = wrapper.xcmappingmodel; path = DTXMappingModel9554To9620.xcmappingmodel; sourceTree = "<group>"; };
		3911766B21EE4BFC00C92A9F /* DTXMappingModelOldTo7742.xcmappingmodel */ = {isa = PBXFileReference; lastKnownFileType = wrapper.xcmappingmodel; path = DTXMappingModelOldTo7742.xcmappingmodel; sourceTree = "<group>"; };
		3911766C21EE4BFC00C92A9F /* DTXMappingModel8751To9554.xcmappingmodel */ = {isa = PBXFileReference; lastKnownFileType = wrapper.xcmappingmodel; path = DTXMappingModel8751To9554.xcmappingmodel; sourceTree = "<group>"; };
		3911766D21EE4BFC00C92A9F /* DTXMappingModel8246To8751.xcmappingmodel */ = {isa = PBXFileReference; lastKnownFileType = wrapper.xcmappingmodel; path = DTXMappingModel8246To8751.xcmappingmodel; sourceTree = "<group>"; };
		3911767621EE6B0800C92A9F /* NSExpression+SafeProperties.h */ = {isa = PBXFileReference; lastKnownFileType = sourcecode.c.h; path = "NSExpression+SafeProperties.h"; sourceTree = "<group>"; };
		3911767721EE6B0800C92A9F /* NSExpression+SafeProperties.m */ = {isa = PBXFileReference; lastKnownFileType = sourcecode.c.objc; path = "NSExpression+SafeProperties.m"; sourceTree = "<group>"; };
		391176F921EF81FB00C92A9F /* NSObject+AttachedObjects.m */ = {isa = PBXFileReference; fileEncoding = 4; lastKnownFileType = sourcecode.c.objc; path = "NSObject+AttachedObjects.m"; sourceTree = "<group>"; };
		391176FA21EF81FB00C92A9F /* NSManagedObjectContext+PerformQOSBlock.m */ = {isa = PBXFileReference; fileEncoding = 4; lastKnownFileType = sourcecode.c.objc; path = "NSManagedObjectContext+PerformQOSBlock.m"; sourceTree = "<group>"; };
		391176FB21EF81FB00C92A9F /* NSString+FileNames.h */ = {isa = PBXFileReference; fileEncoding = 4; lastKnownFileType = sourcecode.c.h; path = "NSString+FileNames.h"; sourceTree = "<group>"; };
		391176FD21EF81FB00C92A9F /* NSURL+UIAdditions.h */ = {isa = PBXFileReference; fileEncoding = 4; lastKnownFileType = sourcecode.c.h; path = "NSURL+UIAdditions.h"; sourceTree = "<group>"; };
		391176FE21EF81FB00C92A9F /* NSMapTable+Subscripting.h */ = {isa = PBXFileReference; fileEncoding = 4; lastKnownFileType = sourcecode.c.h; path = "NSMapTable+Subscripting.h"; sourceTree = "<group>"; };
		391176FF21EF81FB00C92A9F /* NSDictionary+FakeDecoder.h */ = {isa = PBXFileReference; fileEncoding = 4; lastKnownFileType = sourcecode.c.h; path = "NSDictionary+FakeDecoder.h"; sourceTree = "<group>"; };
		3911770021EF81FB00C92A9F /* Swiftier.h */ = {isa = PBXFileReference; fileEncoding = 4; lastKnownFileType = sourcecode.c.h; path = Swiftier.h; sourceTree = "<group>"; };
		3911770121EF81FB00C92A9F /* NSManagedObjectContext+PerformQOSBlock.h */ = {isa = PBXFileReference; fileEncoding = 4; lastKnownFileType = sourcecode.c.h; path = "NSManagedObjectContext+PerformQOSBlock.h"; sourceTree = "<group>"; };
		3911770221EF81FB00C92A9F /* NSObject+AttachedObjects.h */ = {isa = PBXFileReference; fileEncoding = 4; lastKnownFileType = sourcecode.c.h; path = "NSObject+AttachedObjects.h"; sourceTree = "<group>"; };
		3911770321EF81FB00C92A9F /* NSURL+UIAdditions.m */ = {isa = PBXFileReference; fileEncoding = 4; lastKnownFileType = sourcecode.c.objc; path = "NSURL+UIAdditions.m"; sourceTree = "<group>"; };
		3911770521EF81FB00C92A9F /* NSString+FileNames.m */ = {isa = PBXFileReference; fileEncoding = 4; lastKnownFileType = sourcecode.c.objc; path = "NSString+FileNames.m"; sourceTree = "<group>"; };
		3911770621EF81FB00C92A9F /* NSMapTable+Subscripting.m */ = {isa = PBXFileReference; fileEncoding = 4; lastKnownFileType = sourcecode.c.objc; path = "NSMapTable+Subscripting.m"; sourceTree = "<group>"; };
		3911770721EF81FB00C92A9F /* NSDictionary+FakeDecoder.m */ = {isa = PBXFileReference; fileEncoding = 4; lastKnownFileType = sourcecode.c.objc; path = "NSDictionary+FakeDecoder.m"; sourceTree = "<group>"; };
		3935104A1FCB9BE2001FB466 /* LNOptionsParser.h */ = {isa = PBXFileReference; fileEncoding = 4; lastKnownFileType = sourcecode.c.h; name = LNOptionsParser.h; path = ObjCCLIInfra/LNOptionsParser.h; sourceTree = SOURCE_ROOT; };
		3935104B1FCB9BE2001FB466 /* LNLog.m */ = {isa = PBXFileReference; fileEncoding = 4; lastKnownFileType = sourcecode.c.objc; name = LNLog.m; path = ObjCCLIInfra/LNLog.m; sourceTree = SOURCE_ROOT; };
		3935104C1FCB9BE2001FB466 /* LNOptionsParser.m */ = {isa = PBXFileReference; fileEncoding = 4; lastKnownFileType = sourcecode.c.objc; name = LNOptionsParser.m; path = ObjCCLIInfra/LNOptionsParser.m; sourceTree = SOURCE_ROOT; };
		3935104D1FCB9BE2001FB466 /* LNLog.h */ = {isa = PBXFileReference; fileEncoding = 4; lastKnownFileType = sourcecode.c.h; name = LNLog.h; path = ObjCCLIInfra/LNLog.h; sourceTree = SOURCE_ROOT; };
		393510511FCB9BF8001FB466 /* GBCli.h */ = {isa = PBXFileReference; fileEncoding = 4; lastKnownFileType = sourcecode.c.h; name = GBCli.h; path = ObjCCLIInfra/GBCli/GBCli/src/GBCli.h; sourceTree = SOURCE_ROOT; };
		393510521FCB9BF8001FB466 /* GBOptionsHelper.m */ = {isa = PBXFileReference; fileEncoding = 4; lastKnownFileType = sourcecode.c.objc; name = GBOptionsHelper.m; path = ObjCCLIInfra/GBCli/GBCli/src/GBOptionsHelper.m; sourceTree = SOURCE_ROOT; };
		393510531FCB9BF8001FB466 /* GBCommandLineParser.m */ = {isa = PBXFileReference; fileEncoding = 4; lastKnownFileType = sourcecode.c.objc; name = GBCommandLineParser.m; path = ObjCCLIInfra/GBCli/GBCli/src/GBCommandLineParser.m; sourceTree = SOURCE_ROOT; };
		393510541FCB9BF8001FB466 /* GBPrint.h */ = {isa = PBXFileReference; fileEncoding = 4; lastKnownFileType = sourcecode.c.h; name = GBPrint.h; path = ObjCCLIInfra/GBCli/GBCli/src/GBPrint.h; sourceTree = SOURCE_ROOT; };
		393510551FCB9BF8001FB466 /* GBPrint.m */ = {isa = PBXFileReference; fileEncoding = 4; lastKnownFileType = sourcecode.c.objc; name = GBPrint.m; path = ObjCCLIInfra/GBCli/GBCli/src/GBPrint.m; sourceTree = SOURCE_ROOT; };
		393510561FCB9BF8001FB466 /* GBCommandLineParser.h */ = {isa = PBXFileReference; fileEncoding = 4; lastKnownFileType = sourcecode.c.h; name = GBCommandLineParser.h; path = ObjCCLIInfra/GBCli/GBCli/src/GBCommandLineParser.h; sourceTree = SOURCE_ROOT; };
		393510571FCB9BF8001FB466 /* GBOptionsHelper.h */ = {isa = PBXFileReference; fileEncoding = 4; lastKnownFileType = sourcecode.c.h; name = GBOptionsHelper.h; path = ObjCCLIInfra/GBCli/GBCli/src/GBOptionsHelper.h; sourceTree = SOURCE_ROOT; };
		393510581FCB9BF8001FB466 /* GBSettings.h */ = {isa = PBXFileReference; fileEncoding = 4; lastKnownFileType = sourcecode.c.h; name = GBSettings.h; path = ObjCCLIInfra/GBCli/GBCli/src/GBSettings.h; sourceTree = SOURCE_ROOT; };
		393510591FCB9BF9001FB466 /* GBSettings.m */ = {isa = PBXFileReference; fileEncoding = 4; lastKnownFileType = sourcecode.c.objc; name = GBSettings.m; path = ObjCCLIInfra/GBCli/GBCli/src/GBSettings.m; sourceTree = SOURCE_ROOT; };
		39356AA42201A13C00FD23C4 /* DTXMappingModel9620To9747.xcmappingmodel */ = {isa = PBXFileReference; lastKnownFileType = wrapper.xcmappingmodel; path = DTXMappingModel9620To9747.xcmappingmodel; sourceTree = "<group>"; };
		39356AA62201A14A00FD23C4 /* DTXSignpostSample9620To9747MigrationPolicy.h */ = {isa = PBXFileReference; fileEncoding = 4; lastKnownFileType = sourcecode.c.h; path = DTXSignpostSample9620To9747MigrationPolicy.h; sourceTree = "<group>"; };
		39356AA72201A14A00FD23C4 /* DTXSignpostSample9620To9747MigrationPolicy.m */ = {isa = PBXFileReference; fileEncoding = 4; lastKnownFileType = sourcecode.c.objc; path = DTXSignpostSample9620To9747MigrationPolicy.m; sourceTree = "<group>"; };
		39356AC82201A92200FD23C4 /* NSString+Hashing.m */ = {isa = PBXFileReference; fileEncoding = 4; lastKnownFileType = sourcecode.c.objc; path = "NSString+Hashing.m"; sourceTree = "<group>"; };
		39356AC92201A92200FD23C4 /* NSString+Hashing.h */ = {isa = PBXFileReference; fileEncoding = 4; lastKnownFileType = sourcecode.c.h; path = "NSString+Hashing.h"; sourceTree = "<group>"; };
		393E66DC1FC595430092EE89 /* PrefixHeader.pch */ = {isa = PBXFileReference; lastKnownFileType = sourcecode.c.h; path = PrefixHeader.pch; sourceTree = "<group>"; };
		39401CF421E5025100504FD8 /* DTXInstrumentsApplicationProxy.h */ = {isa = PBXFileReference; lastKnownFileType = sourcecode.c.h; path = DTXInstrumentsApplicationProxy.h; sourceTree = "<group>"; };
		39401CF521E5025100504FD8 /* DTXInstrumentsApplicationProxy.m */ = {isa = PBXFileReference; lastKnownFileType = sourcecode.c.objc; path = DTXInstrumentsApplicationProxy.m; sourceTree = "<group>"; };
		39401CF921E5098100504FD8 /* DTXRecording+Additions.h */ = {isa = PBXFileReference; fileEncoding = 4; lastKnownFileType = sourcecode.c.h; path = "DTXRecording+Additions.h"; sourceTree = "<group>"; };
		39401CFA21E5098100504FD8 /* DTXInstrumentsModel.h */ = {isa = PBXFileReference; fileEncoding = 4; lastKnownFileType = sourcecode.c.h; path = DTXInstrumentsModel.h; sourceTree = "<group>"; };
		39401CFB21E5098100504FD8 /* NSManagedObject+Additions.h */ = {isa = PBXFileReference; fileEncoding = 4; lastKnownFileType = sourcecode.c.h; path = "NSManagedObject+Additions.h"; sourceTree = "<group>"; };
		39401CFC21E5098100504FD8 /* DTXSample+Additions.m */ = {isa = PBXFileReference; fileEncoding = 4; lastKnownFileType = sourcecode.c.objc; path = "DTXSample+Additions.m"; sourceTree = "<group>"; };
		39401CFD21E5098100504FD8 /* DTXRecording+Additions.m */ = {isa = PBXFileReference; fileEncoding = 4; lastKnownFileType = sourcecode.c.objc; path = "DTXRecording+Additions.m"; sourceTree = "<group>"; };
		39401D0021E5098100504FD8 /* NSManagedObject+Additions.m */ = {isa = PBXFileReference; fileEncoding = 4; lastKnownFileType = sourcecode.c.objc; path = "NSManagedObject+Additions.m"; sourceTree = "<group>"; };
		39401D0221E5098100504FD8 /* DTXSample+Additions.h */ = {isa = PBXFileReference; fileEncoding = 4; lastKnownFileType = sourcecode.c.h; path = "DTXSample+Additions.h"; sourceTree = "<group>"; };
		39401D0821E5099500504FD8 /* DTXNetworkSample+UIExtensions.m */ = {isa = PBXFileReference; fileEncoding = 4; lastKnownFileType = sourcecode.c.objc; path = "DTXNetworkSample+UIExtensions.m"; sourceTree = "<group>"; };
		39401D0921E5099500504FD8 /* DTXRecording+UIExtensions.m */ = {isa = PBXFileReference; fileEncoding = 4; lastKnownFileType = sourcecode.c.objc; path = "DTXRecording+UIExtensions.m"; sourceTree = "<group>"; };
		39401D0A21E5099500504FD8 /* DTXInstrumentsModelUIExtensions.h */ = {isa = PBXFileReference; fileEncoding = 4; lastKnownFileType = sourcecode.c.h; path = DTXInstrumentsModelUIExtensions.h; sourceTree = "<group>"; };
		39401D0B21E5099500504FD8 /* DTXSignpostSample+UIExtensions.h */ = {isa = PBXFileReference; fileEncoding = 4; lastKnownFileType = sourcecode.c.h; path = "DTXSignpostSample+UIExtensions.h"; sourceTree = "<group>"; };
		39401D0D21E5099500504FD8 /* DTXThreadInfo+UIExtensions.m */ = {isa = PBXFileReference; fileEncoding = 4; lastKnownFileType = sourcecode.c.objc; path = "DTXThreadInfo+UIExtensions.m"; sourceTree = "<group>"; };
		39401D0E21E5099500504FD8 /* DTXEventStatusPrivate.h */ = {isa = PBXFileReference; fileEncoding = 4; lastKnownFileType = sourcecode.c.h; path = DTXEventStatusPrivate.h; sourceTree = "<group>"; };
		39401D0F21E5099500504FD8 /* DTXSample+UIExtensions.m */ = {isa = PBXFileReference; fileEncoding = 4; lastKnownFileType = sourcecode.c.objc; path = "DTXSample+UIExtensions.m"; sourceTree = "<group>"; };
		39401D1021E5099500504FD8 /* DTXPerformanceSample+UIExtensions.m */ = {isa = PBXFileReference; fileEncoding = 4; lastKnownFileType = sourcecode.c.objc; path = "DTXPerformanceSample+UIExtensions.m"; sourceTree = "<group>"; };
		39401D1221E5099500504FD8 /* DTXSignpostSample+UIExtensions.m */ = {isa = PBXFileReference; fileEncoding = 4; lastKnownFileType = sourcecode.c.objc; path = "DTXSignpostSample+UIExtensions.m"; sourceTree = "<group>"; };
		39401D1321E5099500504FD8 /* DTXRecording+UIExtensions.h */ = {isa = PBXFileReference; fileEncoding = 4; lastKnownFileType = sourcecode.c.h; path = "DTXRecording+UIExtensions.h"; sourceTree = "<group>"; };
		39401D1421E5099500504FD8 /* DTXNetworkSample+UIExtensions.h */ = {isa = PBXFileReference; fileEncoding = 4; lastKnownFileType = sourcecode.c.h; path = "DTXNetworkSample+UIExtensions.h"; sourceTree = "<group>"; };
		39401D1521E5099500504FD8 /* DTXSignpostProtocol.h */ = {isa = PBXFileReference; fileEncoding = 4; lastKnownFileType = sourcecode.c.h; path = DTXSignpostProtocol.h; sourceTree = "<group>"; };
		39401D1621E5099500504FD8 /* DTXThreadInfo+UIExtensions.h */ = {isa = PBXFileReference; fileEncoding = 4; lastKnownFileType = sourcecode.c.h; path = "DTXThreadInfo+UIExtensions.h"; sourceTree = "<group>"; };
		39401D1721E5099500504FD8 /* DTXSample+UIExtensions.h */ = {isa = PBXFileReference; fileEncoding = 4; lastKnownFileType = sourcecode.c.h; path = "DTXSample+UIExtensions.h"; sourceTree = "<group>"; };
		39401D1821E5099500504FD8 /* DTXPerformanceSample+UIExtensions.h */ = {isa = PBXFileReference; fileEncoding = 4; lastKnownFileType = sourcecode.c.h; path = "DTXPerformanceSample+UIExtensions.h"; sourceTree = "<group>"; };
		3964876A1FC325C400006341 /* dtxinst */ = {isa = PBXFileReference; explicitFileType = "compiled.mach-o.executable"; includeInIndex = 0; path = dtxinst; sourceTree = BUILT_PRODUCTS_DIR; };
		3964876D1FC325C400006341 /* main.m */ = {isa = PBXFileReference; lastKnownFileType = sourcecode.c.objc; path = main.m; sourceTree = "<group>"; };
		396487971FC32E2800006341 /* DTXProfilingConfiguration.h */ = {isa = PBXFileReference; fileEncoding = 4; lastKnownFileType = sourcecode.c.h; name = DTXProfilingConfiguration.h; path = ../../Profiler/DTXProfiler/DTXProfilingConfiguration.h; sourceTree = "<group>"; };
		396487981FC32E2800006341 /* DTXProfilingConfiguration.m */ = {isa = PBXFileReference; fileEncoding = 4; lastKnownFileType = sourcecode.c.objc; name = DTXProfilingConfiguration.m; path = ../../Profiler/DTXProfiler/DTXProfilingConfiguration.m; sourceTree = "<group>"; };
		3964879D1FC32E8600006341 /* AutoCoding.h */ = {isa = PBXFileReference; fileEncoding = 4; lastKnownFileType = sourcecode.c.h; path = AutoCoding.h; sourceTree = "<group>"; };
		3964879E1FC32E8600006341 /* AutoCoding.m */ = {isa = PBXFileReference; fileEncoding = 4; lastKnownFileType = sourcecode.c.objc; path = AutoCoding.m; sourceTree = "<group>"; };
		3988284D2137DBBB006F283B /* DTXRecordingDocument.m */ = {isa = PBXFileReference; fileEncoding = 4; lastKnownFileType = sourcecode.c.objc; path = DTXRecordingDocument.m; sourceTree = "<group>"; };
		3988284E2137DBBB006F283B /* DTXRecordingDocumentController.h */ = {isa = PBXFileReference; fileEncoding = 4; lastKnownFileType = sourcecode.c.h; path = DTXRecordingDocumentController.h; sourceTree = "<group>"; };
		3988284F2137DBBB006F283B /* DTXRecordingDocumentController.m */ = {isa = PBXFileReference; fileEncoding = 4; lastKnownFileType = sourcecode.c.objc; path = DTXRecordingDocumentController.m; sourceTree = "<group>"; };
		398828502137DBBB006F283B /* DTXRecordingDocument.h */ = {isa = PBXFileReference; fileEncoding = 4; lastKnownFileType = sourcecode.c.h; path = DTXRecordingDocument.h; sourceTree = "<group>"; };
		398828512137DBBB006F283B /* DTXDocument.m */ = {isa = PBXFileReference; fileEncoding = 4; lastKnownFileType = sourcecode.c.objc; path = DTXDocument.m; sourceTree = "<group>"; };
		398828522137DBBB006F283B /* DTXDocument.h */ = {isa = PBXFileReference; fileEncoding = 4; lastKnownFileType = sourcecode.c.h; path = DTXDocument.h; sourceTree = "<group>"; };
		39DF8AB32209C5AF00595274 /* DTXMappingModel9747To9808.xcmappingmodel */ = {isa = PBXFileReference; lastKnownFileType = wrapper.xcmappingmodel; path = DTXMappingModel9747To9808.xcmappingmodel; sourceTree = "<group>"; };
		39EEF34221EFADA80028061D /* SharedPrefixHeader.h */ = {isa = PBXFileReference; fileEncoding = 4; lastKnownFileType = sourcecode.c.h; path = SharedPrefixHeader.h; sourceTree = "<group>"; };
		39EEF34321EFADB10028061D /* DTXQuickNSExpressions.h */ = {isa = PBXFileReference; lastKnownFileType = sourcecode.c.h; path = DTXQuickNSExpressions.h; sourceTree = "<group>"; };
/* End PBXFileReference section */

/* Begin PBXFrameworksBuildPhase section */
		396487671FC325C400006341 /* Frameworks */ = {
			isa = PBXFrameworksBuildPhase;
			buildActionMask = 2147483647;
			files = (
			);
			runOnlyForDeploymentPostprocessing = 0;
		};
/* End PBXFrameworksBuildPhase section */

/* Begin PBXGroup section */
		391176F821EF81FB00C92A9F /* SharedUtilities */ = {
			isa = PBXGroup;
			children = (
				39EEF34321EFADB10028061D /* DTXQuickNSExpressions.h */,
				391176FF21EF81FB00C92A9F /* NSDictionary+FakeDecoder.h */,
				3911770721EF81FB00C92A9F /* NSDictionary+FakeDecoder.m */,
				3911770121EF81FB00C92A9F /* NSManagedObjectContext+PerformQOSBlock.h */,
				391176FA21EF81FB00C92A9F /* NSManagedObjectContext+PerformQOSBlock.m */,
				391176FE21EF81FB00C92A9F /* NSMapTable+Subscripting.h */,
				3911770621EF81FB00C92A9F /* NSMapTable+Subscripting.m */,
				3911770221EF81FB00C92A9F /* NSObject+AttachedObjects.h */,
				391176F921EF81FB00C92A9F /* NSObject+AttachedObjects.m */,
				391176FB21EF81FB00C92A9F /* NSString+FileNames.h */,
				3911770521EF81FB00C92A9F /* NSString+FileNames.m */,
				39356AC92201A92200FD23C4 /* NSString+Hashing.h */,
				39356AC82201A92200FD23C4 /* NSString+Hashing.m */,
				391176FD21EF81FB00C92A9F /* NSURL+UIAdditions.h */,
				3911770321EF81FB00C92A9F /* NSURL+UIAdditions.m */,
				39EEF34221EFADA80028061D /* SharedPrefixHeader.h */,
				3911770021EF81FB00C92A9F /* Swiftier.h */,
			);
			name = SharedUtilities;
			path = ../../Shared/SharedUtilities;
			sourceTree = "<group>";
		};
		393510491FCB9BC8001FB466 /* CLIInfra */ = {
			isa = PBXGroup;
			children = (
				393510501FCB9BEF001FB466 /* GBCli */,
				3935104D1FCB9BE2001FB466 /* LNLog.h */,
				3935104B1FCB9BE2001FB466 /* LNLog.m */,
				3935104A1FCB9BE2001FB466 /* LNOptionsParser.h */,
				3935104C1FCB9BE2001FB466 /* LNOptionsParser.m */,
			);
			name = CLIInfra;
			sourceTree = "<group>";
		};
		393510501FCB9BEF001FB466 /* GBCli */ = {
			isa = PBXGroup;
			children = (
				393510511FCB9BF8001FB466 /* GBCli.h */,
				393510561FCB9BF8001FB466 /* GBCommandLineParser.h */,
				393510531FCB9BF8001FB466 /* GBCommandLineParser.m */,
				393510571FCB9BF8001FB466 /* GBOptionsHelper.h */,
				393510521FCB9BF8001FB466 /* GBOptionsHelper.m */,
				393510541FCB9BF8001FB466 /* GBPrint.h */,
				393510551FCB9BF8001FB466 /* GBPrint.m */,
				393510581FCB9BF8001FB466 /* GBSettings.h */,
				393510591FCB9BF9001FB466 /* GBSettings.m */,
			);
			name = GBCli;
			sourceTree = "<group>";
		};
		39401CF821E5098100504FD8 /* Model */ = {
			isa = PBXGroup;
			children = (
				3906B084223506D500E81B9A /* DTXInstruments.xcdatamodeld */,
				3906B08F223506E500E81B9A /* DTXMappingModel9808To9954.xcmappingmodel */,
				39DF8AB32209C5AF00595274 /* DTXMappingModel9747To9808.xcmappingmodel */,
				39356AA42201A13C00FD23C4 /* DTXMappingModel9620To9747.xcmappingmodel */,
				39356AA62201A14A00FD23C4 /* DTXSignpostSample9620To9747MigrationPolicy.h */,
				39356AA72201A14A00FD23C4 /* DTXSignpostSample9620To9747MigrationPolicy.m */,
				3911766921EE4BFC00C92A9F /* DTXMappingModel7742To8246.xcmappingmodel */,
				3911766D21EE4BFC00C92A9F /* DTXMappingModel8246To8751.xcmappingmodel */,
				3911766C21EE4BFC00C92A9F /* DTXMappingModel8751To9554.xcmappingmodel */,
				3911766A21EE4BFC00C92A9F /* DTXMappingModel9554To9620.xcmappingmodel */,
				3911766B21EE4BFC00C92A9F /* DTXMappingModelOldTo7742.xcmappingmodel */,
				39401CFA21E5098100504FD8 /* DTXInstrumentsModel.h */,
				39401CF921E5098100504FD8 /* DTXRecording+Additions.h */,
				39401CFD21E5098100504FD8 /* DTXRecording+Additions.m */,
				39401D0221E5098100504FD8 /* DTXSample+Additions.h */,
				39401CFC21E5098100504FD8 /* DTXSample+Additions.m */,
				39401CFB21E5098100504FD8 /* NSManagedObject+Additions.h */,
				39401D0021E5098100504FD8 /* NSManagedObject+Additions.m */,
				39401D0A21E5099500504FD8 /* DTXInstrumentsModelUIExtensions.h */,
				39401D0E21E5099500504FD8 /* DTXEventStatusPrivate.h */,
				39401D1421E5099500504FD8 /* DTXNetworkSample+UIExtensions.h */,
				39401D0821E5099500504FD8 /* DTXNetworkSample+UIExtensions.m */,
				39401D1821E5099500504FD8 /* DTXPerformanceSample+UIExtensions.h */,
				39401D1021E5099500504FD8 /* DTXPerformanceSample+UIExtensions.m */,
				39401D1321E5099500504FD8 /* DTXRecording+UIExtensions.h */,
				39401D0921E5099500504FD8 /* DTXRecording+UIExtensions.m */,
				39401D1721E5099500504FD8 /* DTXSample+UIExtensions.h */,
				39401D0F21E5099500504FD8 /* DTXSample+UIExtensions.m */,
				39401D1521E5099500504FD8 /* DTXSignpostProtocol.h */,
				39401D0B21E5099500504FD8 /* DTXSignpostSample+UIExtensions.h */,
				39401D1221E5099500504FD8 /* DTXSignpostSample+UIExtensions.m */,
				39401D0D21E5099500504FD8 /* DTXThreadInfo+UIExtensions.m */,
				39401D1621E5099500504FD8 /* DTXThreadInfo+UIExtensions.h */,
			);
			name = Model;
			path = ../../Shared/Model;
			sourceTree = "<group>";
		};
		396487611FC325C400006341 = {
			isa = PBXGroup;
			children = (
				3964876C1FC325C400006341 /* CLI */,
				3964876B1FC325C400006341 /* Products */,
			);
			sourceTree = "<group>";
		};
		3964876B1FC325C400006341 /* Products */ = {
			isa = PBXGroup;
			children = (
				3964876A1FC325C400006341 /* dtxinst */,
			);
			name = Products;
			sourceTree = "<group>";
		};
		3964876C1FC325C400006341 /* CLI */ = {
			isa = PBXGroup;
			children = (
				39401CF821E5098100504FD8 /* Model */,
				396487A31FC3322C00006341 /* Document */,
				3964879B1FC32E6300006341 /* Utilities */,
				396487961FC32E1C00006341 /* Profiler */,
				3964876D1FC325C400006341 /* main.m */,
				393E66DC1FC595430092EE89 /* PrefixHeader.pch */,
				39401CF421E5025100504FD8 /* DTXInstrumentsApplicationProxy.h */,
				39401CF521E5025100504FD8 /* DTXInstrumentsApplicationProxy.m */,
			);
			path = CLI;
			sourceTree = "<group>";
		};
		396487961FC32E1C00006341 /* Profiler */ = {
			isa = PBXGroup;
			children = (
				396487971FC32E2800006341 /* DTXProfilingConfiguration.h */,
				396487981FC32E2800006341 /* DTXProfilingConfiguration.m */,
			);
			name = Profiler;
			sourceTree = "<group>";
		};
		3964879B1FC32E6300006341 /* Utilities */ = {
			isa = PBXGroup;
			children = (
				391176F821EF81FB00C92A9F /* SharedUtilities */,
				393510491FCB9BC8001FB466 /* CLIInfra */,
				3964879C1FC32E8600006341 /* AutoCoding */,
				3911767621EE6B0800C92A9F /* NSExpression+SafeProperties.h */,
				3911767721EE6B0800C92A9F /* NSExpression+SafeProperties.m */,
			);
			name = Utilities;
			sourceTree = "<group>";
		};
		3964879C1FC32E8600006341 /* AutoCoding */ = {
			isa = PBXGroup;
			children = (
				3964879D1FC32E8600006341 /* AutoCoding.h */,
				3964879E1FC32E8600006341 /* AutoCoding.m */,
			);
			name = AutoCoding;
			path = ../../Shared/AutoCoding/AutoCoding;
			sourceTree = "<group>";
		};
		396487A31FC3322C00006341 /* Document */ = {
			isa = PBXGroup;
			children = (
				398828522137DBBB006F283B /* DTXDocument.h */,
				398828512137DBBB006F283B /* DTXDocument.m */,
				398828502137DBBB006F283B /* DTXRecordingDocument.h */,
				3988284D2137DBBB006F283B /* DTXRecordingDocument.m */,
				3988284E2137DBBB006F283B /* DTXRecordingDocumentController.h */,
				3988284F2137DBBB006F283B /* DTXRecordingDocumentController.m */,
			);
			name = Document;
			path = ../../DetoxInstruments/DetoxInstruments/Document;
			sourceTree = "<group>";
		};
/* End PBXGroup section */

/* Begin PBXNativeTarget section */
		396487691FC325C400006341 /* CLI */ = {
			isa = PBXNativeTarget;
			buildConfigurationList = 396487711FC325C400006341 /* Build configuration list for PBXNativeTarget "CLI" */;
			buildPhases = (
				396487661FC325C400006341 /* Sources */,
				396487671FC325C400006341 /* Frameworks */,
				396487681FC325C400006341 /* CopyFiles */,
			);
			buildRules = (
			);
			dependencies = (
			);
			name = CLI;
			productName = Helper;
			productReference = 3964876A1FC325C400006341 /* dtxinst */;
			productType = "com.apple.product-type.tool";
		};
/* End PBXNativeTarget section */

/* Begin PBXProject section */
		396487621FC325C400006341 /* Project object */ = {
			isa = PBXProject;
			attributes = {
				LastUpgradeCheck = 1100;
				ORGANIZATIONNAME = Wix;
				TargetAttributes = {
					396487691FC325C400006341 = {
						CreatedOnToolsVersion = 9.2;
						ProvisioningStyle = Manual;
					};
				};
			};
			buildConfigurationList = 396487651FC325C400006341 /* Build configuration list for PBXProject "CLI" */;
			compatibilityVersion = "Xcode 8.0";
			developmentRegion = en;
			hasScannedForEncodings = 0;
			knownRegions = (
				en,
				Base,
			);
			mainGroup = 396487611FC325C400006341;
			productRefGroup = 3964876B1FC325C400006341 /* Products */;
			projectDirPath = "";
			projectRoot = "";
			targets = (
				396487691FC325C400006341 /* CLI */,
			);
		};
/* End PBXProject section */

/* Begin PBXSourcesBuildPhase section */
		396487661FC325C400006341 /* Sources */ = {
			isa = PBXSourcesBuildPhase;
			buildActionMask = 2147483647;
			files = (
				3935105D1FCB9BF9001FB466 /* GBSettings.m in Sources */,
				3935105B1FCB9BF9001FB466 /* GBCommandLineParser.m in Sources */,
				3911770921EF81FB00C92A9F /* NSManagedObjectContext+PerformQOSBlock.m in Sources */,
				39356AA82201A14B00FD23C4 /* DTXSignpostSample9620To9747MigrationPolicy.m in Sources */,
				39401D0421E5098100504FD8 /* DTXRecording+Additions.m in Sources */,
				3911767021EE4BFD00C92A9F /* DTXMappingModelOldTo7742.xcmappingmodel in Sources */,
				3911770C21EF81FB00C92A9F /* NSString+FileNames.m in Sources */,
				3964876E1FC325C400006341 /* main.m in Sources */,
				39356ACA2201A92200FD23C4 /* NSString+Hashing.m in Sources */,
				39401D1C21E5099500504FD8 /* DTXSample+UIExtensions.m in Sources */,
				396487991FC32E2800006341 /* DTXProfilingConfiguration.m in Sources */,
				398828532137DBBB006F283B /* DTXRecordingDocument.m in Sources */,
				3911766F21EE4BFD00C92A9F /* DTXMappingModel9554To9620.xcmappingmodel in Sources */,
				3911770E21EF81FB00C92A9F /* NSDictionary+FakeDecoder.m in Sources */,
				398828542137DBBB006F283B /* DTXRecordingDocumentController.m in Sources */,
				39DF8AB42209C5B000595274 /* DTXMappingModel9747To9808.xcmappingmodel in Sources */,
				3935105C1FCB9BF9001FB466 /* GBPrint.m in Sources */,
				39356AA52201A13C00FD23C4 /* DTXMappingModel9620To9747.xcmappingmodel in Sources */,
				3911770821EF81FB00C92A9F /* NSObject+AttachedObjects.m in Sources */,
				3935104E1FCB9BE2001FB466 /* LNLog.m in Sources */,
				3911767821EE6B0800C92A9F /* NSExpression+SafeProperties.m in Sources */,
				39401D0321E5098100504FD8 /* DTXSample+Additions.m in Sources */,
				3911770B21EF81FB00C92A9F /* NSURL+UIAdditions.m in Sources */,
				39401D0621E5098100504FD8 /* NSManagedObject+Additions.m in Sources */,
				3911767221EE4BFD00C92A9F /* DTXMappingModel8246To8751.xcmappingmodel in Sources */,
				398828552137DBBB006F283B /* DTXDocument.m in Sources */,
				3906B090223506E500E81B9A /* DTXMappingModel9808To9954.xcmappingmodel in Sources */,
				3911766E21EE4BFD00C92A9F /* DTXMappingModel7742To8246.xcmappingmodel in Sources */,
				3906B08E223506D500E81B9A /* DTXInstruments.xcdatamodeld in Sources */,
				3911767121EE4BFD00C92A9F /* DTXMappingModel8751To9554.xcmappingmodel in Sources */,
				39401D1D21E5099500504FD8 /* DTXPerformanceSample+UIExtensions.m in Sources */,
				39401D1B21E5099500504FD8 /* DTXThreadInfo+UIExtensions.m in Sources */,
				3964879F1FC32E8600006341 /* AutoCoding.m in Sources */,
				39401D1921E5099500504FD8 /* DTXNetworkSample+UIExtensions.m in Sources */,
				39401D1F21E5099500504FD8 /* DTXSignpostSample+UIExtensions.m in Sources */,
				3911770D21EF81FB00C92A9F /* NSMapTable+Subscripting.m in Sources */,
				3935105A1FCB9BF9001FB466 /* GBOptionsHelper.m in Sources */,
				39401D1A21E5099500504FD8 /* DTXRecording+UIExtensions.m in Sources */,
				39401CF621E5025100504FD8 /* DTXInstrumentsApplicationProxy.m in Sources */,
				3935104F1FCB9BE2001FB466 /* LNOptionsParser.m in Sources */,
			);
			runOnlyForDeploymentPostprocessing = 0;
		};
/* End PBXSourcesBuildPhase section */

/* Begin XCBuildConfiguration section */
		3964876F1FC325C400006341 /* Debug */ = {
			isa = XCBuildConfiguration;
			buildSettings = {
				ALWAYS_SEARCH_USER_PATHS = NO;
				CLANG_ANALYZER_NONNULL = YES;
				CLANG_ANALYZER_NUMBER_OBJECT_CONVERSION = YES_AGGRESSIVE;
				CLANG_CXX_LANGUAGE_STANDARD = "gnu++14";
				CLANG_CXX_LIBRARY = "libc++";
				CLANG_ENABLE_MODULES = YES;
				CLANG_ENABLE_OBJC_ARC = YES;
				CLANG_WARN_BLOCK_CAPTURE_AUTORELEASING = YES;
				CLANG_WARN_BOOL_CONVERSION = YES;
				CLANG_WARN_COMMA = YES;
				CLANG_WARN_CONSTANT_CONVERSION = YES;
				CLANG_WARN_DEPRECATED_OBJC_IMPLEMENTATIONS = YES;
				CLANG_WARN_DIRECT_OBJC_ISA_USAGE = YES_ERROR;
				CLANG_WARN_DOCUMENTATION_COMMENTS = YES;
				CLANG_WARN_EMPTY_BODY = YES;
				CLANG_WARN_ENUM_CONVERSION = YES;
				CLANG_WARN_INFINITE_RECURSION = YES;
				CLANG_WARN_INT_CONVERSION = YES;
				CLANG_WARN_NON_LITERAL_NULL_CONVERSION = YES;
				CLANG_WARN_OBJC_LITERAL_CONVERSION = YES;
				CLANG_WARN_OBJC_ROOT_CLASS = YES_ERROR;
				CLANG_WARN_RANGE_LOOP_ANALYSIS = YES;
				CLANG_WARN_STRICT_PROTOTYPES = YES;
				CLANG_WARN_SUSPICIOUS_MOVE = YES;
				CLANG_WARN_UNGUARDED_AVAILABILITY = YES_AGGRESSIVE;
				CLANG_WARN_UNREACHABLE_CODE = YES;
				CLANG_WARN__DUPLICATE_METHOD_MATCH = YES;
				CODE_SIGN_IDENTITY = "-";
				COPY_PHASE_STRIP = NO;
				DEBUG_INFORMATION_FORMAT = dwarf;
				ENABLE_STRICT_OBJC_MSGSEND = YES;
				ENABLE_TESTABILITY = YES;
				GCC_C_LANGUAGE_STANDARD = gnu11;
				GCC_DYNAMIC_NO_PIC = NO;
				GCC_NO_COMMON_BLOCKS = YES;
				GCC_OPTIMIZATION_LEVEL = 0;
				GCC_PREPROCESSOR_DEFINITIONS = (
					"DEBUG=1",
					"$(inherited)",
				);
				GCC_WARN_64_TO_32_BIT_CONVERSION = YES;
				GCC_WARN_ABOUT_RETURN_TYPE = YES_ERROR;
				GCC_WARN_UNDECLARED_SELECTOR = YES;
				GCC_WARN_UNINITIALIZED_AUTOS = YES_AGGRESSIVE;
				GCC_WARN_UNUSED_FUNCTION = NO;
				GCC_WARN_UNUSED_VARIABLE = YES;
				MACOSX_DEPLOYMENT_TARGET = 10.13;
				MTL_ENABLE_DEBUG_INFO = YES;
				ONLY_ACTIVE_ARCH = YES;
				SDKROOT = macosx;
			};
			name = Debug;
		};
		396487701FC325C400006341 /* Release */ = {
			isa = XCBuildConfiguration;
			buildSettings = {
				ALWAYS_SEARCH_USER_PATHS = NO;
				CLANG_ANALYZER_NONNULL = YES;
				CLANG_ANALYZER_NUMBER_OBJECT_CONVERSION = YES_AGGRESSIVE;
				CLANG_CXX_LANGUAGE_STANDARD = "gnu++14";
				CLANG_CXX_LIBRARY = "libc++";
				CLANG_ENABLE_MODULES = YES;
				CLANG_ENABLE_OBJC_ARC = YES;
				CLANG_WARN_BLOCK_CAPTURE_AUTORELEASING = YES;
				CLANG_WARN_BOOL_CONVERSION = YES;
				CLANG_WARN_COMMA = YES;
				CLANG_WARN_CONSTANT_CONVERSION = YES;
				CLANG_WARN_DEPRECATED_OBJC_IMPLEMENTATIONS = YES;
				CLANG_WARN_DIRECT_OBJC_ISA_USAGE = YES_ERROR;
				CLANG_WARN_DOCUMENTATION_COMMENTS = YES;
				CLANG_WARN_EMPTY_BODY = YES;
				CLANG_WARN_ENUM_CONVERSION = YES;
				CLANG_WARN_INFINITE_RECURSION = YES;
				CLANG_WARN_INT_CONVERSION = YES;
				CLANG_WARN_NON_LITERAL_NULL_CONVERSION = YES;
				CLANG_WARN_OBJC_LITERAL_CONVERSION = YES;
				CLANG_WARN_OBJC_ROOT_CLASS = YES_ERROR;
				CLANG_WARN_RANGE_LOOP_ANALYSIS = YES;
				CLANG_WARN_STRICT_PROTOTYPES = YES;
				CLANG_WARN_SUSPICIOUS_MOVE = YES;
				CLANG_WARN_UNGUARDED_AVAILABILITY = YES_AGGRESSIVE;
				CLANG_WARN_UNREACHABLE_CODE = YES;
				CLANG_WARN__DUPLICATE_METHOD_MATCH = YES;
				CODE_SIGN_IDENTITY = "-";
				COPY_PHASE_STRIP = NO;
				DEBUG_INFORMATION_FORMAT = "dwarf-with-dsym";
				ENABLE_NS_ASSERTIONS = NO;
				ENABLE_STRICT_OBJC_MSGSEND = YES;
				GCC_C_LANGUAGE_STANDARD = gnu11;
				GCC_NO_COMMON_BLOCKS = YES;
				GCC_WARN_64_TO_32_BIT_CONVERSION = YES;
				GCC_WARN_ABOUT_RETURN_TYPE = YES_ERROR;
				GCC_WARN_UNDECLARED_SELECTOR = YES;
				GCC_WARN_UNINITIALIZED_AUTOS = YES_AGGRESSIVE;
				GCC_WARN_UNUSED_FUNCTION = NO;
				GCC_WARN_UNUSED_VARIABLE = YES;
				MACOSX_DEPLOYMENT_TARGET = 10.13;
				MTL_ENABLE_DEBUG_INFO = NO;
				SDKROOT = macosx;
			};
			name = Release;
		};
		396487721FC325C400006341 /* Debug */ = {
			isa = XCBuildConfiguration;
			buildSettings = {
				CLANG_WARN_OBJC_IMPLICIT_RETAIN_SELF = NO;
				CODE_SIGN_IDENTITY = "";
				CODE_SIGN_STYLE = Manual;
				DEVELOPMENT_TEAM = "";
				ENABLE_HARDENED_RUNTIME = YES;
				GCC_PREFIX_HEADER = CLI/PrefixHeader.pch;
				GCC_PREPROCESSOR_DEFINITIONS = (
					"DEBUG=1",
					"CLI=1",
					"$(inherited)",
				);
				MOMC_NO_INVERSE_RELATIONSHIP_WARNINGS = YES;
				PRODUCT_NAME = dtxinst;
				PROVISIONING_PROFILE_SPECIFIER = "";
				STRIP_INSTALLED_PRODUCT = NO;
				STRIP_SWIFT_SYMBOLS = NO;
			};
			name = Debug;
		};
		396487731FC325C400006341 /* Release */ = {
			isa = XCBuildConfiguration;
			buildSettings = {
				CLANG_WARN_OBJC_IMPLICIT_RETAIN_SELF = NO;
				CODE_SIGN_IDENTITY = "Developer ID Application";
				CODE_SIGN_STYLE = Manual;
				DEVELOPMENT_TEAM = S3GLW74Y8N;
				ENABLE_HARDENED_RUNTIME = YES;
				GCC_PREFIX_HEADER = CLI/PrefixHeader.pch;
				GCC_PREPROCESSOR_DEFINITIONS = "CLI=1";
				MOMC_NO_INVERSE_RELATIONSHIP_WARNINGS = YES;
				PRODUCT_NAME = dtxinst;
				PROVISIONING_PROFILE_SPECIFIER = "";
				STRIP_INSTALLED_PRODUCT = NO;
				STRIP_SWIFT_SYMBOLS = NO;
			};
			name = Release;
		};
/* End XCBuildConfiguration section */

/* Begin XCConfigurationList section */
		396487651FC325C400006341 /* Build configuration list for PBXProject "CLI" */ = {
			isa = XCConfigurationList;
			buildConfigurations = (
				3964876F1FC325C400006341 /* Debug */,
				396487701FC325C400006341 /* Release */,
			);
			defaultConfigurationIsVisible = 0;
			defaultConfigurationName = Release;
		};
		396487711FC325C400006341 /* Build configuration list for PBXNativeTarget "CLI" */ = {
			isa = XCConfigurationList;
			buildConfigurations = (
				396487721FC325C400006341 /* Debug */,
				396487731FC325C400006341 /* Release */,
			);
			defaultConfigurationIsVisible = 0;
			defaultConfigurationName = Release;
		};
/* End XCConfigurationList section */

/* Begin XCVersionGroup section */
		3906B084223506D500E81B9A /* DTXInstruments.xcdatamodeld */ = {
			isa = XCVersionGroup;
			children = (
				3906B085223506D500E81B9A /* DTXInstruments-9554.xcdatamodel */,
				3906B086223506D500E81B9A /* DTXInstruments-8751.xcdatamodel */,
				3906B087223506D500E81B9A /* DTXInstruments.xcdatamodel */,
				3906B088223506D500E81B9A /* DTXInstruments-8246.xcdatamodel */,
				3906B089223506D500E81B9A /* DTXInstruments-7742.xcdatamodel */,
				3906B08A223506D500E81B9A /* DTXInstruments-9808.xcdatamodel */,
				3906B08B223506D500E81B9A /* DTXInstruments-9747.xcdatamodel */,
				3906B08C223506D500E81B9A /* DTXInstruments-9620.xcdatamodel */,
				3906B08D223506D500E81B9A /* DTXInstruments-9954.xcdatamodel */,
			);
			currentVersion = 3906B08D223506D500E81B9A /* DTXInstruments-9954.xcdatamodel */;
			path = DTXInstruments.xcdatamodeld;
			sourceTree = "<group>";
			versionGroupType = wrapper.xcdatamodel;
		};
/* End XCVersionGroup section */
	};
	rootObject = 396487621FC325C400006341 /* Project object */;
}
